
Microsoft Visual Studio Solution File, Format Version 12.00
# Visual Studio 15
VisualStudioVersion = 15.0.26430.13
MinimumVisualStudioVersion = 10.0.40219.1
Project("{FAE04EC0-301F-11D3-BF4B-00C04F79EFBC}") = "FileProcess", "FileProcessing\FileProcess.csproj", "{6685E0BE-0285-4F82-B411-C3A08EFE8B26}"
EndProject
Project("{FAE04EC0-301F-11D3-BF4B-00C04F79EFBC}") = "FileProcess.Tests", "FileProcessing.Tests\FileProcess.Tests.csproj", "{4E1AB20E-6C25-4646-810A-271EC832025F}"
EndProject
Global
	GlobalSection(SolutionConfigurationPlatforms) = preSolution
		Debug|Any CPU = Debug|Any CPU
		Release|Any CPU = Release|Any CPU
	EndGlobalSection
	GlobalSection(ProjectConfigurationPlatforms) = postSolution
		{6685E0BE-0285-4F82-B411-C3A08EFE8B26}.Debug|Any CPU.ActiveCfg = Debug|Any CPU
		{6685E0BE-0285-4F82-B411-C3A08EFE8B26}.Debug|Any CPU.Build.0 = Debug|Any CPU
		{6685E0BE-0285-4F82-B411-C3A08EFE8B26}.Release|Any CPU.ActiveCfg = Release|Any CPU
		{6685E0BE-0285-4F82-B411-C3A08EFE8B26}.Release|Any CPU.Build.0 = Release|Any CPU
		{4E1AB20E-6C25-4646-810A-271EC832025F}.Debug|Any CPU.ActiveCfg = Debug|Any CPU
		{4E1AB20E-6C25-4646-810A-271EC832025F}.Debug|Any CPU.Build.0 = Debug|Any CPU
		{4E1AB20E-6C25-4646-810A-271EC832025F}.Release|Any CPU.ActiveCfg = Release|Any CPU
		{4E1AB20E-6C25-4646-810A-271EC832025F}.Release|Any CPU.Build.0 = Release|Any CPU
	EndGlobalSection
	GlobalSection(SolutionProperties) = preSolution
		HideSolutionNode = FALSE
	EndGlobalSection
EndGlobal
